
Microsoft Visual Studio Solution File, Format Version 12.00
Project("{FAE04EC0-301F-11D3-BF4B-00C04F79EFBC}") = "MauiAppExample", "MauiAppExample\MauiAppExample.csproj", "{9619AED9-2924-4DBE-9FCD-E66DAC213765}"
EndProject
Global
	GlobalSection(SolutionConfigurationPlatforms) = preSolution
		Debug|Any CPU = Debug|Any CPU
		Release|Any CPU = Release|Any CPU
	EndGlobalSection
	GlobalSection(ProjectConfigurationPlatforms) = postSolution
		{9619AED9-2924-4DBE-9FCD-E66DAC213765}.Debug|Any CPU.ActiveCfg = Debug|Any CPU
		{9619AED9-2924-4DBE-9FCD-E66DAC213765}.Debug|Any CPU.Build.0 = Debug|Any CPU
		{9619AED9-2924-4DBE-9FCD-E66DAC213765}.Release|Any CPU.ActiveCfg = Release|Any CPU
		{9619AED9-2924-4DBE-9FCD-E66DAC213765}.Release|Any CPU.Build.0 = Release|Any CPU
	EndGlobalSection
EndGlobal
