
Microsoft Visual Studio Solution File, Format Version 12.00
Project("{FAE04EC0-301F-11D3-BF4B-00C04F79EFBC}") = "CSharp", "CSharp\CSharp.csproj", "{9CD58B7B-D034-4F28-911A-40E1346F3B72}"
EndProject
Project("{FAE04EC0-301F-11D3-BF4B-00C04F79EFBC}") = "W1bExample1", "W1bExample1\W1bExample1.csproj", "{74F8765E-19D9-4A46-B306-30FF1352F08B}"
EndProject
Project("{FAE04EC0-301F-11D3-BF4B-00C04F79EFBC}") = "W1bExample2", "W1bExample2\W1bExample2.csproj", "{4C752AFD-BFF7-4E32-87FC-C07F3507A716}"
EndProject
Project("{FAE04EC0-301F-11D3-BF4B-00C04F79EFBC}") = "W1bExample3", "W1bExample3\W1bExample3.csproj", "{3E2A2E3D-347F-440E-B187-1BF22B80C359}"
EndProject
Project("{FAE04EC0-301F-11D3-BF4B-00C04F79EFBC}") = "W1bExample4", "W1bExample4\W1bExample4.csproj", "{165D4F2F-4068-42B0-98A0-DE3797AB4C7F}"
EndProject
Project("{FAE04EC0-301F-11D3-BF4B-00C04F79EFBC}") = "W1bExample5", "W1bExample5\W1bExample5.csproj", "{22B49940-C6A0-4BB1-8EDE-3C88CFFDA3A0}"
EndProject
Project("{FAE04EC0-301F-11D3-BF4B-00C04F79EFBC}") = "W2aExample1", "W2aExample1\W2aExample1.csproj", "{60D9FC19-092E-42CF-8C0C-5186E993D18F}"
EndProject
Project("{FAE04EC0-301F-11D3-BF4B-00C04F79EFBC}") = "W2aExercise1", "W2aExercise1\W2aExercise1.csproj", "{7272EA5D-915F-4388-B4E6-9FE80EC4B171}"
EndProject
Project("{FAE04EC0-301F-11D3-BF4B-00C04F79EFBC}") = "W2aExercise2", "W2aExercise2\W2aExercise2.csproj", "{FB00902F-826D-413C-A7A3-375DCDEBE315}"
EndProject
Project("{FAE04EC0-301F-11D3-BF4B-00C04F79EFBC}") = "W2aExercise3", "W2aExercise3\W2aExercise3.csproj", "{08B9E8C7-8C80-4F6C-8B2E-F8004525D57F}"
EndProject
Project("{FAE04EC0-301F-11D3-BF4B-00C04F79EFBC}") = "W2bExample1", "W2bExample1\W2bExample1.csproj", "{EC456769-7F3C-41BF-9DA8-6FE0A64FF000}"
EndProject
Project("{FAE04EC0-301F-11D3-BF4B-00C04F79EFBC}") = "W2bExercise1", "W2bExercise1\W2bExercise1.csproj", "{A8D9E400-5437-4E83-83B4-F98EB0E12724}"
EndProject
Project("{FAE04EC0-301F-11D3-BF4B-00C04F79EFBC}") = "W2bExercise2", "W2bExercise2\W2bExercise2.csproj", "{B962727A-CC2D-43DC-A8BC-33D4A6800519}"
EndProject
Project("{FAE04EC0-301F-11D3-BF4B-00C04F79EFBC}") = "W2bExercise3", "W2bExercise3\W2bExercise3.csproj", "{9181DD6B-E455-4558-8CEF-77395EB23DC4}"
EndProject
Project("{FAE04EC0-301F-11D3-BF4B-00C04F79EFBC}") = "W3aExercise1", "W3aExercise1\W3aExercise1.csproj", "{6248E11C-ADB1-465F-873A-6117617FFE40}"
EndProject
Project("{FAE04EC0-301F-11D3-BF4B-00C04F79EFBC}") = "W3aExercise2", "W3aExercise2\W3aExercise2.csproj", "{CD33E4E5-F27C-44D6-82A8-3A50950A436D}"
EndProject
Project("{FAE04EC0-301F-11D3-BF4B-00C04F79EFBC}") = "W3aExercise3", "W3aExercise3\W3aExercise3.csproj", "{19F3F1E3-424E-4969-9919-15C9CEB75F08}"
EndProject
Project("{FAE04EC0-301F-11D3-BF4B-00C04F79EFBC}") = "W3AExample2", "W3AExample2\W3AExample2.csproj", "{738C134B-8BEB-4542-8A7D-97905826E887}"
EndProject
Project("{FAE04EC0-301F-11D3-BF4B-00C04F79EFBC}") = "W3aExamples", "W3aExamples\W3aExamples.csproj", "{B1BF0881-ED44-4DA0-A6B7-2FEF22FEE94C}"
EndProject
Project("{FAE04EC0-301F-11D3-BF4B-00C04F79EFBC}") = "W3bExample1", "W3bExample1\W3bExample1.csproj", "{E18FD550-3B96-4E38-AAAF-B4A5F50F16CC}"
EndProject
Project("{FAE04EC0-301F-11D3-BF4B-00C04F79EFBC}") = "W3bExample2", "W3bExample2\W3bExample2.csproj", "{F2D03D7B-6284-4010-B2C6-9708BAAF9521}"
EndProject
Project("{FAE04EC0-301F-11D3-BF4B-00C04F79EFBC}") = "W3bExercise1", "W3bExercise1\W3bExercise1.csproj", "{CA59BFA3-0B4E-44D0-80F2-9B25D2D29E0D}"
EndProject
Project("{FAE04EC0-301F-11D3-BF4B-00C04F79EFBC}") = "W4bExample1", "W4bExample1\W4bExample1.csproj", "{63FBB1A4-C1A6-47EC-B20A-3FD727E97358}"
EndProject
Project("{FAE04EC0-301F-11D3-BF4B-00C04F79EFBC}") = "MauiApp1", "MauiApp1\MauiApp1.csproj", "{6B333140-950A-4EE9-ACBA-B5F599BBD217}"
EndProject
Project("{FAE04EC0-301F-11D3-BF4B-00C04F79EFBC}") = "W5bMauiExample", "W5bMauiExample\W5bMauiExample.csproj", "{26DC61CF-54C4-4663-8A0C-74F167943744}"
EndProject
Project("{FAE04EC0-301F-11D3-BF4B-00C04F79EFBC}") = "W5bMauiExample2", "W5bMauiExample2\W5bMauiExample2.csproj", "{8B6AAAF1-B946-4C5D-8BCF-68FBFF4AF248}"
EndProject
Global
	GlobalSection(SolutionConfigurationPlatforms) = preSolution
		Debug|Any CPU = Debug|Any CPU
		Release|Any CPU = Release|Any CPU
	EndGlobalSection
	GlobalSection(ProjectConfigurationPlatforms) = postSolution
		{9CD58B7B-D034-4F28-911A-40E1346F3B72}.Debug|Any CPU.ActiveCfg = Debug|Any CPU
		{9CD58B7B-D034-4F28-911A-40E1346F3B72}.Debug|Any CPU.Build.0 = Debug|Any CPU
		{9CD58B7B-D034-4F28-911A-40E1346F3B72}.Release|Any CPU.ActiveCfg = Release|Any CPU
		{9CD58B7B-D034-4F28-911A-40E1346F3B72}.Release|Any CPU.Build.0 = Release|Any CPU
		{74F8765E-19D9-4A46-B306-30FF1352F08B}.Debug|Any CPU.ActiveCfg = Debug|Any CPU
		{74F8765E-19D9-4A46-B306-30FF1352F08B}.Debug|Any CPU.Build.0 = Debug|Any CPU
		{74F8765E-19D9-4A46-B306-30FF1352F08B}.Release|Any CPU.ActiveCfg = Release|Any CPU
		{74F8765E-19D9-4A46-B306-30FF1352F08B}.Release|Any CPU.Build.0 = Release|Any CPU
		{4C752AFD-BFF7-4E32-87FC-C07F3507A716}.Debug|Any CPU.ActiveCfg = Debug|Any CPU
		{4C752AFD-BFF7-4E32-87FC-C07F3507A716}.Debug|Any CPU.Build.0 = Debug|Any CPU
		{4C752AFD-BFF7-4E32-87FC-C07F3507A716}.Release|Any CPU.ActiveCfg = Release|Any CPU
		{4C752AFD-BFF7-4E32-87FC-C07F3507A716}.Release|Any CPU.Build.0 = Release|Any CPU
		{3E2A2E3D-347F-440E-B187-1BF22B80C359}.Debug|Any CPU.ActiveCfg = Debug|Any CPU
		{3E2A2E3D-347F-440E-B187-1BF22B80C359}.Debug|Any CPU.Build.0 = Debug|Any CPU
		{3E2A2E3D-347F-440E-B187-1BF22B80C359}.Release|Any CPU.ActiveCfg = Release|Any CPU
		{3E2A2E3D-347F-440E-B187-1BF22B80C359}.Release|Any CPU.Build.0 = Release|Any CPU
		{165D4F2F-4068-42B0-98A0-DE3797AB4C7F}.Debug|Any CPU.ActiveCfg = Debug|Any CPU
		{165D4F2F-4068-42B0-98A0-DE3797AB4C7F}.Debug|Any CPU.Build.0 = Debug|Any CPU
		{165D4F2F-4068-42B0-98A0-DE3797AB4C7F}.Release|Any CPU.ActiveCfg = Release|Any CPU
		{165D4F2F-4068-42B0-98A0-DE3797AB4C7F}.Release|Any CPU.Build.0 = Release|Any CPU
		{22B49940-C6A0-4BB1-8EDE-3C88CFFDA3A0}.Debug|Any CPU.ActiveCfg = Debug|Any CPU
		{22B49940-C6A0-4BB1-8EDE-3C88CFFDA3A0}.Debug|Any CPU.Build.0 = Debug|Any CPU
		{22B49940-C6A0-4BB1-8EDE-3C88CFFDA3A0}.Release|Any CPU.ActiveCfg = Release|Any CPU
		{22B49940-C6A0-4BB1-8EDE-3C88CFFDA3A0}.Release|Any CPU.Build.0 = Release|Any CPU
		{60D9FC19-092E-42CF-8C0C-5186E993D18F}.Debug|Any CPU.ActiveCfg = Debug|Any CPU
		{60D9FC19-092E-42CF-8C0C-5186E993D18F}.Debug|Any CPU.Build.0 = Debug|Any CPU
		{60D9FC19-092E-42CF-8C0C-5186E993D18F}.Release|Any CPU.ActiveCfg = Release|Any CPU
		{60D9FC19-092E-42CF-8C0C-5186E993D18F}.Release|Any CPU.Build.0 = Release|Any CPU
		{7272EA5D-915F-4388-B4E6-9FE80EC4B171}.Debug|Any CPU.ActiveCfg = Debug|Any CPU
		{7272EA5D-915F-4388-B4E6-9FE80EC4B171}.Debug|Any CPU.Build.0 = Debug|Any CPU
		{7272EA5D-915F-4388-B4E6-9FE80EC4B171}.Release|Any CPU.ActiveCfg = Release|Any CPU
		{7272EA5D-915F-4388-B4E6-9FE80EC4B171}.Release|Any CPU.Build.0 = Release|Any CPU
		{FB00902F-826D-413C-A7A3-375DCDEBE315}.Debug|Any CPU.ActiveCfg = Debug|Any CPU
		{FB00902F-826D-413C-A7A3-375DCDEBE315}.Debug|Any CPU.Build.0 = Debug|Any CPU
		{FB00902F-826D-413C-A7A3-375DCDEBE315}.Release|Any CPU.ActiveCfg = Release|Any CPU
		{FB00902F-826D-413C-A7A3-375DCDEBE315}.Release|Any CPU.Build.0 = Release|Any CPU
		{08B9E8C7-8C80-4F6C-8B2E-F8004525D57F}.Debug|Any CPU.ActiveCfg = Debug|Any CPU
		{08B9E8C7-8C80-4F6C-8B2E-F8004525D57F}.Debug|Any CPU.Build.0 = Debug|Any CPU
		{08B9E8C7-8C80-4F6C-8B2E-F8004525D57F}.Release|Any CPU.ActiveCfg = Release|Any CPU
		{08B9E8C7-8C80-4F6C-8B2E-F8004525D57F}.Release|Any CPU.Build.0 = Release|Any CPU
		{EC456769-7F3C-41BF-9DA8-6FE0A64FF000}.Debug|Any CPU.ActiveCfg = Debug|Any CPU
		{EC456769-7F3C-41BF-9DA8-6FE0A64FF000}.Debug|Any CPU.Build.0 = Debug|Any CPU
		{EC456769-7F3C-41BF-9DA8-6FE0A64FF000}.Release|Any CPU.ActiveCfg = Release|Any CPU
		{EC456769-7F3C-41BF-9DA8-6FE0A64FF000}.Release|Any CPU.Build.0 = Release|Any CPU
		{A8D9E400-5437-4E83-83B4-F98EB0E12724}.Debug|Any CPU.ActiveCfg = Debug|Any CPU
		{A8D9E400-5437-4E83-83B4-F98EB0E12724}.Debug|Any CPU.Build.0 = Debug|Any CPU
		{A8D9E400-5437-4E83-83B4-F98EB0E12724}.Release|Any CPU.ActiveCfg = Release|Any CPU
		{A8D9E400-5437-4E83-83B4-F98EB0E12724}.Release|Any CPU.Build.0 = Release|Any CPU
		{B962727A-CC2D-43DC-A8BC-33D4A6800519}.Debug|Any CPU.ActiveCfg = Debug|Any CPU
		{B962727A-CC2D-43DC-A8BC-33D4A6800519}.Debug|Any CPU.Build.0 = Debug|Any CPU
		{B962727A-CC2D-43DC-A8BC-33D4A6800519}.Release|Any CPU.ActiveCfg = Release|Any CPU
		{B962727A-CC2D-43DC-A8BC-33D4A6800519}.Release|Any CPU.Build.0 = Release|Any CPU
		{9181DD6B-E455-4558-8CEF-77395EB23DC4}.Debug|Any CPU.ActiveCfg = Debug|Any CPU
		{9181DD6B-E455-4558-8CEF-77395EB23DC4}.Debug|Any CPU.Build.0 = Debug|Any CPU
		{9181DD6B-E455-4558-8CEF-77395EB23DC4}.Release|Any CPU.ActiveCfg = Release|Any CPU
		{9181DD6B-E455-4558-8CEF-77395EB23DC4}.Release|Any CPU.Build.0 = Release|Any CPU
		{6248E11C-ADB1-465F-873A-6117617FFE40}.Debug|Any CPU.ActiveCfg = Debug|Any CPU
		{6248E11C-ADB1-465F-873A-6117617FFE40}.Debug|Any CPU.Build.0 = Debug|Any CPU
		{6248E11C-ADB1-465F-873A-6117617FFE40}.Release|Any CPU.ActiveCfg = Release|Any CPU
		{6248E11C-ADB1-465F-873A-6117617FFE40}.Release|Any CPU.Build.0 = Release|Any CPU
		{CD33E4E5-F27C-44D6-82A8-3A50950A436D}.Debug|Any CPU.ActiveCfg = Debug|Any CPU
		{CD33E4E5-F27C-44D6-82A8-3A50950A436D}.Debug|Any CPU.Build.0 = Debug|Any CPU
		{CD33E4E5-F27C-44D6-82A8-3A50950A436D}.Release|Any CPU.ActiveCfg = Release|Any CPU
		{CD33E4E5-F27C-44D6-82A8-3A50950A436D}.Release|Any CPU.Build.0 = Release|Any CPU
		{19F3F1E3-424E-4969-9919-15C9CEB75F08}.Debug|Any CPU.ActiveCfg = Debug|Any CPU
		{19F3F1E3-424E-4969-9919-15C9CEB75F08}.Debug|Any CPU.Build.0 = Debug|Any CPU
		{19F3F1E3-424E-4969-9919-15C9CEB75F08}.Release|Any CPU.ActiveCfg = Release|Any CPU
		{19F3F1E3-424E-4969-9919-15C9CEB75F08}.Release|Any CPU.Build.0 = Release|Any CPU
		{738C134B-8BEB-4542-8A7D-97905826E887}.Debug|Any CPU.ActiveCfg = Debug|Any CPU
		{738C134B-8BEB-4542-8A7D-97905826E887}.Debug|Any CPU.Build.0 = Debug|Any CPU
		{738C134B-8BEB-4542-8A7D-97905826E887}.Release|Any CPU.ActiveCfg = Release|Any CPU
		{738C134B-8BEB-4542-8A7D-97905826E887}.Release|Any CPU.Build.0 = Release|Any CPU
		{B1BF0881-ED44-4DA0-A6B7-2FEF22FEE94C}.Debug|Any CPU.ActiveCfg = Debug|Any CPU
		{B1BF0881-ED44-4DA0-A6B7-2FEF22FEE94C}.Debug|Any CPU.Build.0 = Debug|Any CPU
		{B1BF0881-ED44-4DA0-A6B7-2FEF22FEE94C}.Release|Any CPU.ActiveCfg = Release|Any CPU
		{B1BF0881-ED44-4DA0-A6B7-2FEF22FEE94C}.Release|Any CPU.Build.0 = Release|Any CPU
		{E18FD550-3B96-4E38-AAAF-B4A5F50F16CC}.Debug|Any CPU.ActiveCfg = Debug|Any CPU
		{E18FD550-3B96-4E38-AAAF-B4A5F50F16CC}.Debug|Any CPU.Build.0 = Debug|Any CPU
		{E18FD550-3B96-4E38-AAAF-B4A5F50F16CC}.Release|Any CPU.ActiveCfg = Release|Any CPU
		{E18FD550-3B96-4E38-AAAF-B4A5F50F16CC}.Release|Any CPU.Build.0 = Release|Any CPU
		{F2D03D7B-6284-4010-B2C6-9708BAAF9521}.Debug|Any CPU.ActiveCfg = Debug|Any CPU
		{F2D03D7B-6284-4010-B2C6-9708BAAF9521}.Debug|Any CPU.Build.0 = Debug|Any CPU
		{F2D03D7B-6284-4010-B2C6-9708BAAF9521}.Release|Any CPU.ActiveCfg = Release|Any CPU
		{F2D03D7B-6284-4010-B2C6-9708BAAF9521}.Release|Any CPU.Build.0 = Release|Any CPU
		{CA59BFA3-0B4E-44D0-80F2-9B25D2D29E0D}.Debug|Any CPU.ActiveCfg = Debug|Any CPU
		{CA59BFA3-0B4E-44D0-80F2-9B25D2D29E0D}.Debug|Any CPU.Build.0 = Debug|Any CPU
		{CA59BFA3-0B4E-44D0-80F2-9B25D2D29E0D}.Release|Any CPU.ActiveCfg = Release|Any CPU
		{CA59BFA3-0B4E-44D0-80F2-9B25D2D29E0D}.Release|Any CPU.Build.0 = Release|Any CPU
		{63FBB1A4-C1A6-47EC-B20A-3FD727E97358}.Debug|Any CPU.ActiveCfg = Debug|Any CPU
		{63FBB1A4-C1A6-47EC-B20A-3FD727E97358}.Debug|Any CPU.Build.0 = Debug|Any CPU
		{63FBB1A4-C1A6-47EC-B20A-3FD727E97358}.Release|Any CPU.ActiveCfg = Release|Any CPU
		{63FBB1A4-C1A6-47EC-B20A-3FD727E97358}.Release|Any CPU.Build.0 = Release|Any CPU
		{6B333140-950A-4EE9-ACBA-B5F599BBD217}.Debug|Any CPU.ActiveCfg = Debug|Any CPU
		{6B333140-950A-4EE9-ACBA-B5F599BBD217}.Debug|Any CPU.Build.0 = Debug|Any CPU
		{6B333140-950A-4EE9-ACBA-B5F599BBD217}.Release|Any CPU.ActiveCfg = Release|Any CPU
		{6B333140-950A-4EE9-ACBA-B5F599BBD217}.Release|Any CPU.Build.0 = Release|Any CPU
		{26DC61CF-54C4-4663-8A0C-74F167943744}.Debug|Any CPU.ActiveCfg = Debug|Any CPU
		{26DC61CF-54C4-4663-8A0C-74F167943744}.Debug|Any CPU.Build.0 = Debug|Any CPU
		{26DC61CF-54C4-4663-8A0C-74F167943744}.Release|Any CPU.ActiveCfg = Release|Any CPU
		{26DC61CF-54C4-4663-8A0C-74F167943744}.Release|Any CPU.Build.0 = Release|Any CPU
		{8B6AAAF1-B946-4C5D-8BCF-68FBFF4AF248}.Debug|Any CPU.ActiveCfg = Debug|Any CPU
		{8B6AAAF1-B946-4C5D-8BCF-68FBFF4AF248}.Debug|Any CPU.Build.0 = Debug|Any CPU
		{8B6AAAF1-B946-4C5D-8BCF-68FBFF4AF248}.Release|Any CPU.ActiveCfg = Release|Any CPU
		{8B6AAAF1-B946-4C5D-8BCF-68FBFF4AF248}.Release|Any CPU.Build.0 = Release|Any CPU
	EndGlobalSection
EndGlobal
