
Microsoft Visual Studio Solution File, Format Version 12.00
Project("{FAE04EC0-301F-11D3-BF4B-00C04F79EFBC}") = "RectangleCalc", "RectangleCalc\RectangleCalc.csproj", "{9C066BD9-FE82-458D-8579-A9149B3D0FCD}"
EndProject
Global
	GlobalSection(SolutionConfigurationPlatforms) = preSolution
		Debug|Any CPU = Debug|Any CPU
		Release|Any CPU = Release|Any CPU
	EndGlobalSection
	GlobalSection(ProjectConfigurationPlatforms) = postSolution
		{9C066BD9-FE82-458D-8579-A9149B3D0FCD}.Debug|Any CPU.ActiveCfg = Debug|Any CPU
		{9C066BD9-FE82-458D-8579-A9149B3D0FCD}.Debug|Any CPU.Build.0 = Debug|Any CPU
		{9C066BD9-FE82-458D-8579-A9149B3D0FCD}.Release|Any CPU.ActiveCfg = Release|Any CPU
		{9C066BD9-FE82-458D-8579-A9149B3D0FCD}.Release|Any CPU.Build.0 = Release|Any CPU
	EndGlobalSection
EndGlobal
